{
  "name": "@acarabott/ts-utils",
  "version": "2.0.1",
  "lockfileVersion": 1,
  "requires": true,
  "dependencies": {
    "@thi.ng/api": {
      "version": "6.11.1",
      "resolved": "https://registry.npmjs.org/@thi.ng/api/-/api-6.11.1.tgz",
      "integrity": "sha512-EgcO2CZPLybbv5+EK0KFd+tvJMfGSqnsaLYJSYB7ulCLzmCmkkLr+eRPTjoBo/xKAR8htGOqMywu4JI+P6/LIA==",
      "requires": {
        "tslib": "^1.12.0"
      }
    },
    "@thi.ng/arrays": {
      "version": "0.6.9",
      "resolved": "https://registry.npmjs.org/@thi.ng/arrays/-/arrays-0.6.9.tgz",
      "integrity": "sha512-hXKJDOwI/KV723bzqW7LTo77KkvnNiLk+aCb8QG+bkvamIVJzVOfKytJfBj+gNhkvfwBwG0LDWxEhOwtwlGLFw==",
      "requires": {
        "@thi.ng/api": "^6.11.1",
        "@thi.ng/checks": "^2.7.1",
        "@thi.ng/compare": "^1.3.8",
        "@thi.ng/equiv": "^1.0.23",
        "@thi.ng/errors": "^1.2.14",
        "@thi.ng/random": "^1.4.11",
        "tslib": "^1.12.0"
      }
    },
    "@thi.ng/associative": {
      "version": "4.1.0",
      "resolved": "https://registry.npmjs.org/@thi.ng/associative/-/associative-4.1.0.tgz",
      "integrity": "sha512-K03eg0XpElDeLuONMcly+QG19nRcL0ueEcJXbg0xpuvL5cVy7DxCEiMxEzBU1MUq6Md6St1ujmfAglmC8WO+9g==",
      "requires": {
        "@thi.ng/api": "^6.11.1",
        "@thi.ng/binary": "^2.0.8",
        "@thi.ng/checks": "^2.7.1",
        "@thi.ng/compare": "^1.3.8",
        "@thi.ng/dcons": "^2.2.20",
        "@thi.ng/equiv": "^1.0.23",
        "@thi.ng/errors": "^1.2.14",
        "@thi.ng/transducers": "^7.1.0",
        "tslib": "^1.12.0"
      }
    },
    "@thi.ng/atom": {
      "version": "4.1.10",
      "resolved": "https://registry.npmjs.org/@thi.ng/atom/-/atom-4.1.10.tgz",
      "integrity": "sha512-vkqxTn1vM+l8v0yZmrcryeP+01VcEKOnzwyRxt22I+qYWH39k0PjxZjyhYJH1mF+iJV3MLcZVTo388/mTiUw8g==",
      "requires": {
        "@thi.ng/api": "^6.11.1",
        "@thi.ng/checks": "^2.7.1",
        "@thi.ng/equiv": "^1.0.23",
        "@thi.ng/errors": "^1.2.14",
        "@thi.ng/paths": "^4.0.8",
        "tslib": "^1.12.0"
      }
    },
    "@thi.ng/binary": {
      "version": "2.0.8",
      "resolved": "https://registry.npmjs.org/@thi.ng/binary/-/binary-2.0.8.tgz",
      "integrity": "sha512-b0bZ1Ur30rhpn6ZhCYx/dlz5HJvbehSiPbaQruZLrM6ofREJHHozxvFIYiZaIpddwHxrhWUg9TRINgA0W5vNRg==",
      "requires": {
        "tslib": "^1.12.0"
      }
    },
    "@thi.ng/checks": {
      "version": "2.7.1",
      "resolved": "https://registry.npmjs.org/@thi.ng/checks/-/checks-2.7.1.tgz",
      "integrity": "sha512-INgTg5VZt076P2wg+3n19Kw9eF/uIBK0PdsGQeZ6T3wvahWYJtF8VRAFNn7sAya6p4FsiQIhHk+S5sMgN4v2Rg==",
      "requires": {
        "tslib": "^1.12.0"
      }
    },
    "@thi.ng/color": {
      "version": "1.2.3",
      "resolved": "https://registry.npmjs.org/@thi.ng/color/-/color-1.2.3.tgz",
      "integrity": "sha512-fU7+sGdSqUej1S5ekcnyzASHzr+OEIjfdv3dXL1mgrZvlBdXMsOJCn8qbNvMlMC4/SMnp91SIuDfUds/4iNp9Q==",
      "requires": {
        "@thi.ng/api": "^6.11.1",
        "@thi.ng/checks": "^2.7.1",
        "@thi.ng/compose": "^1.4.9",
        "@thi.ng/defmulti": "^1.2.17",
        "@thi.ng/errors": "^1.2.14",
        "@thi.ng/math": "^1.7.11",
        "@thi.ng/strings": "^1.8.10",
        "@thi.ng/transducers": "^7.1.0",
        "@thi.ng/vectors": "^4.4.4",
        "tslib": "^1.12.0"
      }
    },
    "@thi.ng/compare": {
      "version": "1.3.8",
      "resolved": "https://registry.npmjs.org/@thi.ng/compare/-/compare-1.3.8.tgz",
      "integrity": "sha512-cXxNV8gnizQWjdS1oyxIW17B1yTV+J3yDh+1fnQUulQ8chC59Tv9hCA+yGS7WAuSAhQ2MQ/WUS443jMBumymIQ==",
      "requires": {
        "@thi.ng/api": "^6.11.1",
        "tslib": "^1.12.0"
      }
    },
    "@thi.ng/compose": {
      "version": "1.4.9",
      "resolved": "https://registry.npmjs.org/@thi.ng/compose/-/compose-1.4.9.tgz",
      "integrity": "sha512-ZtHhwWuLwHCIVsNSEw1xN7wbdRaTdb3JQliLiD2jyhSIWM53N50GhndJmRAsgW2qa+jfuYdDxS3zeV5crwk5Lw==",
      "requires": {
        "@thi.ng/api": "^6.11.1",
        "@thi.ng/errors": "^1.2.14",
        "tslib": "^1.12.0"
      }
    },
    "@thi.ng/dcons": {
      "version": "2.2.20",
      "resolved": "https://registry.npmjs.org/@thi.ng/dcons/-/dcons-2.2.20.tgz",
      "integrity": "sha512-nckGq4RJYh2ON09KQ9//1iB46O37nidyCiqybfJLEIdxzvMcRJv7knoqTonT3Sf7ZqoslPp+9j8SjvuMIJFTfA==",
      "requires": {
        "@thi.ng/api": "^6.11.1",
        "@thi.ng/checks": "^2.7.1",
        "@thi.ng/compare": "^1.3.8",
        "@thi.ng/equiv": "^1.0.23",
        "@thi.ng/errors": "^1.2.14",
        "@thi.ng/random": "^1.4.11",
        "@thi.ng/transducers": "^7.1.0",
        "tslib": "^1.12.0"
      }
    },
    "@thi.ng/defmulti": {
      "version": "1.2.17",
      "resolved": "https://registry.npmjs.org/@thi.ng/defmulti/-/defmulti-1.2.17.tgz",
      "integrity": "sha512-BL0hujjG1ySA8Bf7YqcqnDe2XXIecrvkkZrgEs+WjJ1S3ncDH1KQHBsDfT/ydVir8f+xTfgvRHoDRw2Nmm19Ug==",
      "requires": {
        "@thi.ng/api": "^6.11.1",
        "@thi.ng/errors": "^1.2.14",
        "tslib": "^1.12.0"
      }
    },
    "@thi.ng/diff": {
      "version": "3.2.23",
      "resolved": "https://registry.npmjs.org/@thi.ng/diff/-/diff-3.2.23.tgz",
      "integrity": "sha512-8Z12YJ2wcLxmQvHf7FSZE9ZHPWlLFn/LN/HjbZjmZoCI6hCmYYupIx0V/oEFwwJ2W/RiM1btbOewnDf8e4/ydw==",
      "requires": {
        "@thi.ng/api": "^6.11.1",
        "@thi.ng/equiv": "^1.0.23",
        "tslib": "^1.12.0"
      }
    },
    "@thi.ng/equiv": {
      "version": "1.0.23",
      "resolved": "https://registry.npmjs.org/@thi.ng/equiv/-/equiv-1.0.23.tgz",
      "integrity": "sha512-u/bQn9Q8PnESC3PSPM6Tsd6dqeV6bwSeBX2BSc6EhtAzTIGjCB6nOKPXMJ7h1kaJNgaMaGER2LRof63UuwQdbA==",
      "requires": {
        "tslib": "^1.12.0"
      }
    },
    "@thi.ng/errors": {
      "version": "1.2.14",
      "resolved": "https://registry.npmjs.org/@thi.ng/errors/-/errors-1.2.14.tgz",
      "integrity": "sha512-IR1QMoKI/fIxq17pO+/MXvc1MPuRVMz9IWqBZ78ZQ2mVIgceB3f4bA9HB8AX0f8wgI+MWkDjJlSxpywamCn7/g==",
      "requires": {
        "tslib": "^1.12.0"
      }
    },
    "@thi.ng/hdom": {
      "version": "8.0.28",
      "resolved": "https://registry.npmjs.org/@thi.ng/hdom/-/hdom-8.0.28.tgz",
      "integrity": "sha512-96iHnvKR+Ip98OkLtVFCkb2BcgEA8EXwaZuZ8Q9nmsi+optHE5HB9iYCBnvEjFXZqJ7wPhz49Xt3yGlOZ1TGsw==",
      "requires": {
        "@thi.ng/api": "^6.11.1",
        "@thi.ng/checks": "^2.7.1",
        "@thi.ng/diff": "^3.2.23",
        "@thi.ng/equiv": "^1.0.23",
        "@thi.ng/errors": "^1.2.14",
        "@thi.ng/hiccup": "^3.2.25",
        "tslib": "^1.12.0"
      }
    },
    "@thi.ng/hdom-canvas": {
      "version": "3.0.1",
      "resolved": "https://registry.npmjs.org/@thi.ng/hdom-canvas/-/hdom-canvas-3.0.1.tgz",
      "integrity": "sha512-WOeXa7p+0wDldnbbX+o/KL4AvFgviyqoz7dCkqe3+8+4d5slNudoL051RVkBA/PuTPngNppD8ODFwLiXs0T7vg==",
      "requires": {
        "@thi.ng/api": "^6.11.1",
        "@thi.ng/checks": "^2.7.1",
        "@thi.ng/diff": "^3.2.23",
        "@thi.ng/hdom": "^8.0.28",
        "@thi.ng/hiccup-canvas": "^1.0.1"
      }
    },
    "@thi.ng/hiccup": {
      "version": "3.2.25",
      "resolved": "https://registry.npmjs.org/@thi.ng/hiccup/-/hiccup-3.2.25.tgz",
      "integrity": "sha512-kqVbn3o3CFpQJx7W7vKrZu6PQxF2BBRbcmwMXtBVEm68kmanH+aPBTytrj+hDKCM5adO+489vBejtRtbxXBW2A==",
      "requires": {
        "@thi.ng/checks": "^2.7.1",
        "@thi.ng/errors": "^1.2.14",
        "tslib": "^1.12.0"
      }
    },
    "@thi.ng/hiccup-canvas": {
      "version": "1.0.1",
      "resolved": "https://registry.npmjs.org/@thi.ng/hiccup-canvas/-/hiccup-canvas-1.0.1.tgz",
      "integrity": "sha512-6QMkI26HuqGNH8EgBFlnZf9WIJIh4H8LWLene4cOG93tbWntGjCDGRWUQCf3eU8PtRGic2iCwpK4x91/zGYyRg==",
      "requires": {
        "@thi.ng/api": "^6.11.1",
        "@thi.ng/checks": "^2.7.1",
        "@thi.ng/color": "^1.2.3",
        "@thi.ng/math": "^1.7.11",
        "@thi.ng/vectors": "^4.4.4"
      }
    },
    "@thi.ng/math": {
      "version": "1.7.11",
      "resolved": "https://registry.npmjs.org/@thi.ng/math/-/math-1.7.11.tgz",
      "integrity": "sha512-EZ29SOPlhSkAT86bLr0UURAuACXB6uiX9BslwfkTzae/DHNDYa96342OQ0kSvUg1ECFaKVlVLoyEodtvxZgXww==",
      "requires": {
        "tslib": "^1.12.0"
      }
    },
    "@thi.ng/memoize": {
      "version": "2.0.13",
      "resolved": "https://registry.npmjs.org/@thi.ng/memoize/-/memoize-2.0.13.tgz",
      "integrity": "sha512-51ScKmBj8UU21szd9GcJFisUYiWU9n+lEWsAPbkm+PMqjSAZkg6QTs+qeEMVORdERYtAdbVZ71RQtNzYdhHb1g==",
      "requires": {
        "@thi.ng/api": "^6.11.1",
        "tslib": "^1.12.0"
      }
    },
    "@thi.ng/paths": {
      "version": "4.0.8",
      "resolved": "https://registry.npmjs.org/@thi.ng/paths/-/paths-4.0.8.tgz",
      "integrity": "sha512-iy5uIpyxNIWge9+N6cUGLDdzO/F8QZ9QzoQtzL2AsZbinEUdBc7F/uqf+tcFLXl/HuZqDPGaQuw+X7I9vKSNUA==",
      "requires": {
        "@thi.ng/checks": "^2.7.1",
        "@thi.ng/errors": "^1.2.14",
        "tslib": "^1.12.0"
      }
    },
    "@thi.ng/random": {
      "version": "1.4.11",
      "resolved": "https://registry.npmjs.org/@thi.ng/random/-/random-1.4.11.tgz",
      "integrity": "sha512-KVdb3nBvzIsSDSuggju0wRbRmY7OQRw5d6JALzeRl+l9CTyRyNy7WLN3XkCNSnpod7PWdqPb47E9Gb74nSyg0g==",
      "requires": {
        "@thi.ng/api": "^6.11.1",
        "@thi.ng/checks": "^2.7.1",
        "tslib": "^1.12.0"
      }
    },
    "@thi.ng/rstream": {
      "version": "4.4.0",
      "resolved": "https://registry.npmjs.org/@thi.ng/rstream/-/rstream-4.4.0.tgz",
      "integrity": "sha512-HoMYsezhuirlBdALW1UJ1fKDl/EmyUwTEUPfdpmhWhiV0qUyH6+BdWkxrgXkO4COiPBwGre+DlcltIGQFjn0ng==",
      "requires": {
        "@thi.ng/api": "^6.11.1",
        "@thi.ng/associative": "^4.1.0",
        "@thi.ng/atom": "^4.1.10",
        "@thi.ng/checks": "^2.7.1",
        "@thi.ng/errors": "^1.2.14",
        "@thi.ng/paths": "^4.0.8",
        "@thi.ng/transducers": "^7.1.0",
        "tslib": "^1.12.0"
      }
    },
    "@thi.ng/strings": {
      "version": "1.8.10",
      "resolved": "https://registry.npmjs.org/@thi.ng/strings/-/strings-1.8.10.tgz",
      "integrity": "sha512-uueK8XMRLME6shnrmd+u84k8nBzK7Asl/f7rgchaODdv5dJK0SrTOqOdBYz0zmIRznT9M33YyFIaUd1KIJEj8w==",
      "requires": {
        "@thi.ng/api": "^6.11.1",
        "@thi.ng/errors": "^1.2.14",
        "@thi.ng/memoize": "^2.0.13",
        "tslib": "^1.12.0"
      }
    },
    "@thi.ng/transducers": {
      "version": "7.1.0",
      "resolved": "https://registry.npmjs.org/@thi.ng/transducers/-/transducers-7.1.0.tgz",
      "integrity": "sha512-jfAe+48SRcDP1bB1k2GpZdQSDRXzvYco5ZGpPX2WW1UJYLDKnfQA2LRAkHXzE07cQFZAX7vv0/YLcxAeASkoPQ==",
      "requires": {
        "@thi.ng/api": "^6.11.1",
        "@thi.ng/arrays": "^0.6.9",
        "@thi.ng/checks": "^2.7.1",
        "@thi.ng/compare": "^1.3.8",
        "@thi.ng/compose": "^1.4.9",
        "@thi.ng/equiv": "^1.0.23",
        "@thi.ng/errors": "^1.2.14",
        "@thi.ng/math": "^1.7.11",
        "@thi.ng/random": "^1.4.11",
        "@thi.ng/strings": "^1.8.10",
        "tslib": "^1.12.0"
      }
    },
    "@thi.ng/vectors": {
      "version": "4.4.4",
      "resolved": "https://registry.npmjs.org/@thi.ng/vectors/-/vectors-4.4.4.tgz",
      "integrity": "sha512-RmppDc+Vq4zq2bQiK4JMIzz9aya0irazTUPgCBAokAlxNyxGDxMg92UKU1o8q/W1bGh5GpnYA1djAvvFit9UZw==",
      "requires": {
        "@thi.ng/api": "^6.11.1",
        "@thi.ng/binary": "^2.0.8",
        "@thi.ng/checks": "^2.7.1",
        "@thi.ng/equiv": "^1.0.23",
        "@thi.ng/errors": "^1.2.14",
        "@thi.ng/math": "^1.7.11",
        "@thi.ng/memoize": "^2.0.13",
        "@thi.ng/random": "^1.4.11",
        "@thi.ng/transducers": "^7.1.0",
        "tslib": "^1.12.0"
      }
    },
    "@types/node": {
      "version": "14.0.13",
      "resolved": "https://registry.npmjs.org/@types/node/-/node-14.0.13.tgz",
      "integrity": "sha512-rouEWBImiRaSJsVA+ITTFM6ZxibuAlTuNOCyxVbwreu6k6+ujs7DfnU9o+PShFhET78pMBl3eH+AGSI5eOTkPA=="
    },
    "@types/webmidi": {
      "version": "2.0.4",
      "resolved": "https://registry.npmjs.org/@types/webmidi/-/webmidi-2.0.4.tgz",
      "integrity": "sha512-ouA837zUpSzURsUGvcnay6JwUz2B/UoJP3Lkacnz60y+rul8/auVOFS9LSO6v0gdNbGvRkbHEpayD8PbO7IKhw=="
    },
    "tslib": {
      "version": "1.13.0",
      "resolved": "https://registry.npmjs.org/tslib/-/tslib-1.13.0.tgz",
      "integrity": "sha512-i/6DQjL8Xf3be4K/E6Wgpekn5Qasl1usyw++dAA35Ue5orEn65VIxOA+YvNNl9HV3qv70T7CNwjODHZrLwvd1Q=="
    },
    "typescript": {
      "version": "3.9.5",
      "resolved": "https://registry.npmjs.org/typescript/-/typescript-3.9.5.tgz",
      "integrity": "sha512-hSAifV3k+i6lEoCJ2k6R2Z/rp/H3+8sdmcn5NrS3/3kE7+RyZXm9aqvxWqjEXHAd8b0pShatpcdMTvEdvAJltQ==",
      "dev": true
    }
  }
}
